
Microsoft Visual Studio Solution File, Format Version 12.00
# Visual Studio Version 16
VisualStudioVersion = 16.0.29709.97
MinimumVisualStudioVersion = 10.0.40219.1
Project("{FAE04EC0-301F-11D3-BF4B-00C04F79EFBC}") = "WifiBot Controls", "WifiBot Controls.csproj", "{DBFB8D9D-F07E-4265-B96D-B099B68C7E13}"
EndProject
Global
	GlobalSection(SolutionConfigurationPlatforms) = preSolution
		Debug|Any CPU = Debug|Any CPU
		Release|Any CPU = Release|Any CPU
	EndGlobalSection
	GlobalSection(ProjectConfigurationPlatforms) = postSolution
		{DBFB8D9D-F07E-4265-B96D-B099B68C7E13}.Debug|Any CPU.ActiveCfg = Debug|Any CPU
		{DBFB8D9D-F07E-4265-B96D-B099B68C7E13}.Debug|Any CPU.Build.0 = Debug|Any CPU
		{DBFB8D9D-F07E-4265-B96D-B099B68C7E13}.Release|Any CPU.ActiveCfg = Release|Any CPU
		{DBFB8D9D-F07E-4265-B96D-B099B68C7E13}.Release|Any CPU.Build.0 = Release|Any CPU
	EndGlobalSection
	GlobalSection(SolutionProperties) = preSolution
		HideSolutionNode = FALSE
	EndGlobalSection
	GlobalSection(ExtensibilityGlobals) = postSolution
		SolutionGuid = {B76849D0-2800-4FA6-86F7-117F91DAD781}
	EndGlobalSection
EndGlobal
